
Microsoft Visual Studio Solution File, Format Version 12.00
# Visual Studio 2012
Project("{2857B73E-F847-4B02-9238-064979017E93}") = "SecureChannel", "SecureChannel\SecureChannel.cproj", "{0F3A271C-AED7-4C40-A26E-5358FFD4A476}"
EndProject
Global
	GlobalSection(SolutionConfigurationPlatforms) = preSolution
		Debug|Any CPU = Debug|Any CPU
		Release|Any CPU = Release|Any CPU
	EndGlobalSection
	GlobalSection(ProjectConfigurationPlatforms) = postSolution
		{0F3A271C-AED7-4C40-A26E-5358FFD4A476}.Debug|Any CPU.ActiveCfg = Debug|Any CPU
		{0F3A271C-AED7-4C40-A26E-5358FFD4A476}.Debug|Any CPU.Build.0 = Debug|Any CPU
		{0F3A271C-AED7-4C40-A26E-5358FFD4A476}.Release|Any CPU.ActiveCfg = Release|Any CPU
		{0F3A271C-AED7-4C40-A26E-5358FFD4A476}.Release|Any CPU.Build.0 = Release|Any CPU
	EndGlobalSection
	GlobalSection(MonoDevelopProperties) = preSolution
		StartupItem = SecureChannel\SecureChannel.cproj
	EndGlobalSection
EndGlobal
